hash: c46b439a6e17e23737094db09681724e66e89c01133a25957def4fb0ad6f2b79
updated: 2019-02-13T01:28:17.347481+09:00
imports:
- name: github.com/coderminer/restful
  version: a4a11b8101ad969ac2df2a0a7de67175a3dd4402
  subpackages:
  - auth
  - helper
  - models
- name: github.com/dgrijalva/jwt-go
  version: 06ea1031745cb8b3dab3f6a236daf2b0aa468b7e
- name: github.com/globalsign/mgo
  version: eeefdecb41b842af6dc652aaea4026e8403e62df
  subpackages:
  - bson
- name: github.com/go-sql-driver/mysql
  version: 1b9eda25029c206f36637dde8e2acad26df99dab
- name: github.com/gorilla/mux
  version: a7962380ca08b5a188038c69871b8d3fbdf31e89
- name: github.com/Tang-RoseChild/mahonia
  version: 0eef680515ccaa6e08f5b759e42b2192126bc3be
- name: google.golang.org/appengine
  version: 99bc4335fe23898c0a61f5b35afabb6d11f29094
  subpackages:
  - cloudsql
testImports: []
